
Microsoft Visual Studio Solution File, Format Version 12.00
# Visual Studio 15
VisualStudioVersion = 15.0.27703.2035
MinimumVisualStudioVersion = 10.0.40219.1
Project("{9A19103F-16F7-4668-BE54-9A1E7A4F7556}") = "Site.SignalR.Example", "Site.SignalR.Example\Site.SignalR.Example.csproj", "{01649E44-5B71-42AA-B245-8BAF25A13282}"
EndProject
Project("{E53339B2-1760-4266-BCC7-CA923CBCF16C}") = "docker-compose", "docker-compose.dcproj", "{9B772A8D-9F10-433C-822A-F321966640A4}"
EndProject
Global
	GlobalSection(SolutionConfigurationPlatforms) = preSolution
		Debug|Any CPU = Debug|Any CPU
		Release|Any CPU = Release|Any CPU
	EndGlobalSection
	GlobalSection(ProjectConfigurationPlatforms) = postSolution
		{01649E44-5B71-42AA-B245-8BAF25A13282}.Debug|Any CPU.ActiveCfg = Debug|Any CPU
		{01649E44-5B71-42AA-B245-8BAF25A13282}.Debug|Any CPU.Build.0 = Debug|Any CPU
		{01649E44-5B71-42AA-B245-8BAF25A13282}.Release|Any CPU.ActiveCfg = Release|Any CPU
		{01649E44-5B71-42AA-B245-8BAF25A13282}.Release|Any CPU.Build.0 = Release|Any CPU
		{9B772A8D-9F10-433C-822A-F321966640A4}.Debug|Any CPU.ActiveCfg = Debug|Any CPU
		{9B772A8D-9F10-433C-822A-F321966640A4}.Debug|Any CPU.Build.0 = Debug|Any CPU
		{9B772A8D-9F10-433C-822A-F321966640A4}.Release|Any CPU.ActiveCfg = Release|Any CPU
		{9B772A8D-9F10-433C-822A-F321966640A4}.Release|Any CPU.Build.0 = Release|Any CPU
	EndGlobalSection
	GlobalSection(SolutionProperties) = preSolution
		HideSolutionNode = FALSE
	EndGlobalSection
	GlobalSection(ExtensibilityGlobals) = postSolution
		SolutionGuid = {B42C9437-9874-43A3-B8A2-9F3CFD5CACCB}
	EndGlobalSection
EndGlobal
